// !$*UTF8*$!
{
	archiveVersion = 1;
	classes = {
	};
	objectVersion = 50;
	objects = {

/* Begin PBXBuildFile section */
		A71B01A42652C325005B4EB1 /* AppDelegate.swift in Sources */ = {isa = PBXBuildFile; fileRef = A71B01A32652C325005B4EB1 /* AppDelegate.swift */; };
		A71B01A82652C325005B4EB1 /* TaskListViewController.swift in Sources */ = {isa = PBXBuildFile; fileRef = A71B01A72652C325005B4EB1 /* TaskListViewController.swift */; };
		A71B01AE2652C325005B4EB1 /* ToDo_list.xcdatamodeld in Sources */ = {isa = PBXBuildFile; fileRef = A71B01AC2652C325005B4EB1 /* ToDo_list.xcdatamodeld */; };
		A71B01B02652C325005B4EB1 /* Assets.xcassets in Resources */ = {isa = PBXBuildFile; fileRef = A71B01AF2652C325005B4EB1 /* Assets.xcassets */; };
		A71B01C22652CC81005B4EB1 /* DatabaseManager.swift in Sources */ = {isa = PBXBuildFile; fileRef = A71B01C12652CC81005B4EB1 /* DatabaseManager.swift */; };
/* End PBXBuildFile section */

/* Begin PBXFileReference section */
		A71B01A02652C324005B4EB1 /* ToDo list.app */ = {isa = PBXFileReference; explicitFileType = wrapper.application; includeInIndex = 0; path = "ToDo list.app"; sourceTree = BUILT_PRODUCTS_DIR; };
		A71B01A32652C325005B4EB1 /* AppDelegate.swift */ = {isa = PBXFileReference; lastKnownFileType = sourcecode.swift; path = AppDelegate.swift; sourceTree = "<group>"; };
		A71B01A72652C325005B4EB1 /* TaskListViewController.swift */ = {isa = PBXFileReference; lastKnownFileType = sourcecode.swift; path = TaskListViewController.swift; sourceTree = "<group>"; };
		A71B01AD2652C325005B4EB1 /* ToDo_list.xcdatamodel */ = {isa = PBXFileReference; lastKnownFileType = wrapper.xcdatamodel; path = ToDo_list.xcdatamodel; sourceTree = "<group>"; };
		A71B01AF2652C325005B4EB1 /* Assets.xcassets */ = {isa = PBXFileReference; lastKnownFileType = folder.assetcatalog; path = Assets.xcassets; sourceTree = "<group>"; };
		A71B01B42652C325005B4EB1 /* Info.plist */ = {isa = PBXFileReference; lastKnownFileType = text.plist.xml; path = Info.plist; sourceTree = "<group>"; };
		A71B01C12652CC81005B4EB1 /* DatabaseManager.swift */ = {isa = PBXFileReference; lastKnownFileType = sourcecode.swift; path = DatabaseManager.swift; sourceTree = "<group>"; };
/* End PBXFileReference section */

/* Begin PBXFrameworksBuildPhase section */
		A71B019D2652C324005B4EB1 /* Frameworks */ = {
			isa = PBXFrameworksBuildPhase;
			buildActionMask = 2147483647;
			files = (
			);
			runOnlyForDeploymentPostprocessing = 0;
		};
/* End PBXFrameworksBuildPhase section */

/* Begin PBXGroup section */
		A71B01972652C324005B4EB1 = {
			isa = PBXGroup;
			children = (
				A71B01A22652C324005B4EB1 /* ToDo list */,
				A71B01A12652C324005B4EB1 /* Products */,
			);
			sourceTree = "<group>";
		};
		A71B01A12652C324005B4EB1 /* Products */ = {
			isa = PBXGroup;
			children = (
				A71B01A02652C324005B4EB1 /* ToDo list.app */,
			);
			name = Products;
			sourceTree = "<group>";
		};
		A71B01A22652C324005B4EB1 /* ToDo list */ = {
			isa = PBXGroup;
			children = (
				A71B01BF2652CB85005B4EB1 /* Core */,
				A71B01BA2652C93F005B4EB1 /* Supporting */,
				A71B01BE2652CA53005B4EB1 /* ViewControllers */,
				A71B01BB2652C95F005B4EB1 /* Resources */,
				A71B01BD2652CA28005B4EB1 /* CoreData */,
			);
			path = "ToDo list";
			sourceTree = "<group>";
		};
		A71B01BA2652C93F005B4EB1 /* Supporting */ = {
			isa = PBXGroup;
			children = (
				A71B01A32652C325005B4EB1 /* AppDelegate.swift */,
				A71B01B42652C325005B4EB1 /* Info.plist */,
			);
			path = Supporting;
			sourceTree = "<group>";
		};
		A71B01BB2652C95F005B4EB1 /* Resources */ = {
			isa = PBXGroup;
			children = (
				A71B01AF2652C325005B4EB1 /* Assets.xcassets */,
			);
			path = Resources;
			sourceTree = "<group>";
		};
		A71B01BD2652CA28005B4EB1 /* CoreData */ = {
			isa = PBXGroup;
			children = (
				A71B01AC2652C325005B4EB1 /* ToDo_list.xcdatamodeld */,
			);
			path = CoreData;
			sourceTree = "<group>";
		};
		A71B01BE2652CA53005B4EB1 /* ViewControllers */ = {
			isa = PBXGroup;
			children = (
				A71B01A72652C325005B4EB1 /* TaskListViewController.swift */,
			);
			path = ViewControllers;
			sourceTree = "<group>";
		};
		A71B01BF2652CB85005B4EB1 /* Core */ = {
			isa = PBXGroup;
			children = (
				A71B01C12652CC81005B4EB1 /* DatabaseManager.swift */,
			);
			path = Core;
			sourceTree = "<group>";
		};
/* End PBXGroup section */

/* Begin PBXNativeTarget section */
		A71B019F2652C324005B4EB1 /* ToDo list */ = {
			isa = PBXNativeTarget;
			buildConfigurationList = A71B01B72652C325005B4EB1 /* Build configuration list for PBXNativeTarget "ToDo list" */;
			buildPhases = (
				A71B019C2652C324005B4EB1 /* Sources */,
				A71B019D2652C324005B4EB1 /* Frameworks */,
				A71B019E2652C324005B4EB1 /* Resources */,
			);
			buildRules = (
			);
			dependencies = (
			);
			name = "ToDo list";
			productName = "ToDo list";
			productReference = A71B01A02652C324005B4EB1 /* ToDo list.app */;
			productType = "com.apple.product-type.application";
		};
/* End PBXNativeTarget section */

/* Begin PBXProject section */
		A71B01982652C324005B4EB1 /* Project object */ = {
			isa = PBXProject;
			attributes = {
				LastSwiftUpdateCheck = 1250;
				LastUpgradeCheck = 1250;
				TargetAttributes = {
					A71B019F2652C324005B4EB1 = {
						CreatedOnToolsVersion = 12.5;
					};
				};
			};
			buildConfigurationList = A71B019B2652C324005B4EB1 /* Build configuration list for PBXProject "ToDo list" */;
			compatibilityVersion = "Xcode 9.3";
			developmentRegion = en;
			hasScannedForEncodings = 0;
			knownRegions = (
				en,
				Base,
			);
			mainGroup = A71B01972652C324005B4EB1;
			productRefGroup = A71B01A12652C324005B4EB1 /* Products */;
			projectDirPath = "";
			projectRoot = "";
			targets = (
				A71B019F2652C324005B4EB1 /* ToDo list */,
			);
		};
/* End PBXProject section */

/* Begin PBXResourcesBuildPhase section */
		A71B019E2652C324005B4EB1 /* Resources */ = {
			isa = PBXResourcesBuildPhase;
			buildActionMask = 2147483647;
			files = (
				A71B01B02652C325005B4EB1 /* Assets.xcassets in Resources */,
			);
			runOnlyForDeploymentPostprocessing = 0;
		};
/* End PBXResourcesBuildPhase section */

/* Begin PBXSourcesBuildPhase section */
		A71B019C2652C324005B4EB1 /* Sources */ = {
			isa = PBXSourcesBuildPhase;
			buildActionMask = 2147483647;
			files = (
				A71B01C22652CC81005B4EB1 /* DatabaseManager.swift in Sources */,
				A71B01A82652C325005B4EB1 /* TaskListViewController.swift in Sources */,
				A71B01A42652C325005B4EB1 /* AppDelegate.swift in Sources */,
				A71B01AE2652C325005B4EB1 /* ToDo_list.xcdatamodeld in Sources */,
			);
			runOnlyForDeploymentPostprocessing = 0;
		};
/* End PBXSourcesBuildPhase section */

/* Begin XCBuildConfiguration section */
		A71B01B52652C325005B4EB1 /* Debug */ = {
			isa = XCBuildConfiguration;
			buildSettings = {
				ALWAYS_SEARCH_USER_PATHS = NO;
				CLANG_ANALYZER_NONNULL = YES;
				CLANG_ANALYZER_NUMBER_OBJECT_CONVERSION = YES_AGGRESSIVE;
				CLANG_CXX_LANGUAGE_STANDARD = "gnu++14";
				CLANG_CXX_LIBRARY = "libc++";
				CLANG_ENABLE_MODULES = YES;
				CLANG_ENABLE_OBJC_ARC = YES;
				CLANG_ENABLE_OBJC_WEAK = YES;
				CLANG_WARN_BLOCK_CAPTURE_AUTORELEASING = YES;
				CLANG_WARN_BOOL_CONVERSION = YES;
				CLANG_WARN_COMMA = YES;
				CLANG_WARN_CONSTANT_CONVERSION = YES;
				CLANG_WARN_DEPRECATED_OBJC_IMPLEMENTATIONS = YES;
				CLANG_WARN_DIRECT_OBJC_ISA_USAGE = YES_ERROR;
				CLANG_WARN_DOCUMENTATION_COMMENTS = YES;
				CLANG_WARN_EMPTY_BODY = YES;
				CLANG_WARN_ENUM_CONVERSION = YES;
				CLANG_WARN_INFINITE_RECURSION = YES;
				CLANG_WARN_INT_CONVERSION = YES;
				CLANG_WARN_NON_LITERAL_NULL_CONVERSION = YES;
				CLANG_WARN_OBJC_IMPLICIT_RETAIN_SELF = YES;
				CLANG_WARN_OBJC_LITERAL_CONVERSION = YES;
				CLANG_WARN_OBJC_ROOT_CLASS = YES_ERROR;
				CLANG_WARN_QUOTED_INCLUDE_IN_FRAMEWORK_HEADER = YES;
				CLANG_WARN_RANGE_LOOP_ANALYSIS = YES;
				CLANG_WARN_STRICT_PROTOTYPES = YES;
				CLANG_WARN_SUSPICIOUS_MOVE = YES;
				CLANG_WARN_UNGUARDED_AVAILABILITY = YES_AGGRESSIVE;
				CLANG_WARN_UNREACHABLE_CODE = YES;
				CLANG_WARN__DUPLICATE_METHOD_MATCH = YES;
				COPY_PHASE_STRIP = NO;
				DEBUG_INFORMATION_FORMAT = dwarf;
				ENABLE_STRICT_OBJC_MSGSEND = YES;
				ENABLE_TESTABILITY = YES;
				GCC_C_LANGUAGE_STANDARD = gnu11;
				GCC_DYNAMIC_NO_PIC = NO;
				GCC_NO_COMMON_BLOCKS = YES;
				GCC_OPTIMIZATION_LEVEL = 0;
				GCC_PREPROCESSOR_DEFINITIONS = (
					"DEBUG=1",
					"$(inherited)",
				);
				GCC_WARN_64_TO_32_BIT_CONVERSION = YES;
				GCC_WARN_ABOUT_RETURN_TYPE = YES_ERROR;
				GCC_WARN_UNDECLARED_SELECTOR = YES;
				GCC_WARN_UNINITIALIZED_AUTOS = YES_AGGRESSIVE;
				GCC_WARN_UNUSED_FUNCTION = YES;
				GCC_WARN_UNUSED_VARIABLE = YES;
				IPHONEOS_DEPLOYMENT_TARGET = 14.5;
				MTL_ENABLE_DEBUG_INFO = INCLUDE_SOURCE;
				MTL_FAST_MATH = YES;
				ONLY_ACTIVE_ARCH = YES;
				SDKROOT = iphoneos;
				SWIFT_ACTIVE_COMPILATION_CONDITIONS = DEBUG;
				SWIFT_OPTIMIZATION_LEVEL = "-Onone";
			};
			name = Debug;
		};
		A71B01B62652C325005B4EB1 /* Release */ = {
			isa = XCBuildConfiguration;
			buildSettings = {
				ALWAYS_SEARCH_USER_PATHS = NO;
				CLANG_ANALYZER_NONNULL = YES;
				CLANG_ANALYZER_NUMBER_OBJECT_CONVERSION = YES_AGGRESSIVE;
				CLANG_CXX_LANGUAGE_STANDARD = "gnu++14";
				CLANG_CXX_LIBRARY = "libc++";
				CLANG_ENABLE_MODULES = YES;
				CLANG_ENABLE_OBJC_ARC = YES;
				CLANG_ENABLE_OBJC_WEAK = YES;
				CLANG_WARN_BLOCK_CAPTURE_AUTORELEASING = YES;
				CLANG_WARN_BOOL_CONVERSION = YES;
				CLANG_WARN_COMMA = YES;
				CLANG_WARN_CONSTANT_CONVERSION = YES;
				CLANG_WARN_DEPRECATED_OBJC_IMPLEMENTATIONS = YES;
				CLANG_WARN_DIRECT_OBJC_ISA_USAGE = YES_ERROR;
				CLANG_WARN_DOCUMENTATION_COMMENTS = YES;
				CLANG_WARN_EMPTY_BODY = YES;
				CLANG_WARN_ENUM_CONVERSION = YES;
				CLANG_WARN_INFINITE_RECURSION = YES;
				CLANG_WARN_INT_CONVERSION = YES;
				CLANG_WARN_NON_LITERAL_NULL_CONVERSION = YES;
				CLANG_WARN_OBJC_IMPLICIT_RETAIN_SELF = YES;
				CLANG_WARN_OBJC_LITERAL_CONVERSION = YES;
				CLANG_WARN_OBJC_ROOT_CLASS = YES_ERROR;
				CLANG_WARN_QUOTED_INCLUDE_IN_FRAMEWORK_HEADER = YES;
				CLANG_WARN_RANGE_LOOP_ANALYSIS = YES;
				CLANG_WARN_STRICT_PROTOTYPES = YES;
				CLANG_WARN_SUSPICIOUS_MOVE = YES;
				CLANG_WARN_UNGUARDED_AVAILABILITY = YES_AGGRESSIVE;
				CLANG_WARN_UNREACHABLE_CODE = YES;
				CLANG_WARN__DUPLICATE_METHOD_MATCH = YES;
				COPY_PHASE_STRIP = NO;
				DEBUG_INFORMATION_FORMAT = "dwarf-with-dsym";
				ENABLE_NS_ASSERTIONS = NO;
				ENABLE_STRICT_OBJC_MSGSEND = YES;
				GCC_C_LANGUAGE_STANDARD = gnu11;
				GCC_NO_COMMON_BLOCKS = YES;
				GCC_WARN_64_TO_32_BIT_CONVERSION = YES;
				GCC_WARN_ABOUT_RETURN_TYPE = YES_ERROR;
				GCC_WARN_UNDECLARED_SELECTOR = YES;
				GCC_WARN_UNINITIALIZED_AUTOS = YES_AGGRESSIVE;
				GCC_WARN_UNUSED_FUNCTION = YES;
				GCC_WARN_UNUSED_VARIABLE = YES;
				IPHONEOS_DEPLOYMENT_TARGET = 14.5;
				MTL_ENABLE_DEBUG_INFO = NO;
				MTL_FAST_MATH = YES;
				SDKROOT = iphoneos;
				SWIFT_COMPILATION_MODE = wholemodule;
				SWIFT_OPTIMIZATION_LEVEL = "-O";
				VALIDATE_PRODUCT = YES;
			};
			name = Release;
		};
		A71B01B82652C325005B4EB1 /* Debug */ = {
			isa = XCBuildConfiguration;
			buildSettings = {
				ASSETCATALOG_COMPILER_APPICON_NAME = AppIcon;
				ASSETCATALOG_COMPILER_GLOBAL_ACCENT_COLOR_NAME = AccentColor;
				CODE_SIGN_STYLE = Automatic;
				DEVELOPMENT_TEAM = 4JX7HPBVUY;
				INFOPLIST_FILE = "ToDo list/Supporting/Info.plist";
				LD_RUNPATH_SEARCH_PATHS = (
					"$(inherited)",
					"@executable_path/Frameworks",
				);
				PRODUCT_BUNDLE_IDENTIFIER = "com.example.ToDo-list";
				PRODUCT_NAME = "$(TARGET_NAME)";
				SWIFT_VERSION = 5.0;
				TARGETED_DEVICE_FAMILY = "1,2";
			};
			name = Debug;
		};
		A71B01B92652C325005B4EB1 /* Release */ = {
			isa = XCBuildConfiguration;
			buildSettings = {
				ASSETCATALOG_COMPILER_APPICON_NAME = AppIcon;
				ASSETCATALOG_COMPILER_GLOBAL_ACCENT_COLOR_NAME = AccentColor;
				CODE_SIGN_STYLE = Automatic;
				DEVELOPMENT_TEAM = 4JX7HPBVUY;
				INFOPLIST_FILE = "ToDo list/Supporting/Info.plist";
				LD_RUNPATH_SEARCH_PATHS = (
					"$(inherited)",
					"@executable_path/Frameworks",
				);
				PRODUCT_BUNDLE_IDENTIFIER = "com.example.ToDo-list";
				PRODUCT_NAME = "$(TARGET_NAME)";
				SWIFT_VERSION = 5.0;
				TARGETED_DEVICE_FAMILY = "1,2";
			};
			name = Release;
		};
/* End XCBuildConfiguration section */

/* Begin XCConfigurationList section */
		A71B019B2652C324005B4EB1 /* Build configuration list for PBXProject "ToDo list" */ = {
			isa = XCConfigurationList;
			buildConfigurations = (
				A71B01B52652C325005B4EB1 /* Debug */,
				A71B01B62652C325005B4EB1 /* Release */,
			);
			defaultConfigurationIsVisible = 0;
			defaultConfigurationName = Release;
		};
		A71B01B72652C325005B4EB1 /* Build configuration list for PBXNativeTarget "ToDo list" */ = {
			isa = XCConfigurationList;
			buildConfigurations = (
				A71B01B82652C325005B4EB1 /* Debug */,
				A71B01B92652C325005B4EB1 /* Release */,
			);
			defaultConfigurationIsVisible = 0;
			defaultConfigurationName = Release;
		};
/* End XCConfigurationList section */

/* Begin XCVersionGroup section */
		A71B01AC2652C325005B4EB1 /* ToDo_list.xcdatamodeld */ = {
			isa = XCVersionGroup;
			children = (
				A71B01AD2652C325005B4EB1 /* ToDo_list.xcdatamodel */,
			);
			currentVersion = A71B01AD2652C325005B4EB1 /* ToDo_list.xcdatamodel */;
			path = ToDo_list.xcdatamodeld;
			sourceTree = "<group>";
			versionGroupType = wrapper.xcdatamodel;
		};
/* End XCVersionGroup section */
	};
	rootObject = A71B01982652C324005B4EB1 /* Project object */;
}
